PODS:
  - Flutter (1.0.0)
  - flutter_plugin_android_lifecycle (0.0.1):
    - Flutter
  - google_maps_flutter (0.0.1):
    - Flutter
    - GoogleMaps
  - GoogleMaps (3.8.0):
    - GoogleMaps/Maps (= 3.8.0)
  - GoogleMaps/Base (3.8.0)
  - GoogleMaps/Maps (3.8.0):
    - GoogleMaps/Base

DEPENDENCIES:
  - Flutter (from `Flutter`)
  - flutter_plugin_android_lifecycle (from `.symlinks/plugins/flutter_plugin_android_lifecycle/ios`)
  - google_maps_flutter (from `.symlinks/plugins/google_maps_flutter/ios`)

SPEC REPOS:
  trunk:
    - GoogleMaps

EXTERNAL SOURCES:
  Flutter:
    :path: Flutter
  flutter_plugin_android_lifecycle:
    :path: ".symlinks/plugins/flutter_plugin_android_lifecycle/ios"
  google_maps_flutter:
    :path: ".symlinks/plugins/google_maps_flutter/ios"

SPEC CHECKSUMS:
  Flutter: 0e3d915762c693b495b44d77113d4970485de6ec
  flutter_plugin_android_lifecycle: 47de533a02850f070f5696a623995e93eddcdb9b
  google_maps_flutter: d0dd62f5a7d39bae61057eb9f52dd778d99c7c6c
  GoogleMaps: 7c8d66d70e4e8c300f43a7219d8fdaad7b325a9a

PODFILE CHECKSUM: 9ec0b926d741f3b13993aceabf2687bc78d2468b

COCOAPODS: 1.8.4
